
Microsoft Visual Studio Solution File, Format Version 12.00
# Visual Studio 2012
Project("{FAE04EC0-301F-11D3-BF4B-00C04F79EFBC}") = "FriendlyUrlsSample", "FriendlyUrlsSample\FriendlyUrlsSample.csproj", "{54D7D227-EEEF-4E01-9A0D-115F32A9607D}"
EndProject
Global
	GlobalSection(SolutionConfigurationPlatforms) = preSolution
		Debug|Any CPU = Debug|Any CPU
		Release|Any CPU = Release|Any CPU
	EndGlobalSection
	GlobalSection(ProjectConfigurationPlatforms) = postSolution
		{54D7D227-EEEF-4E01-9A0D-115F32A9607D}.Debug|Any CPU.ActiveCfg = Debug|Any CPU
		{54D7D227-EEEF-4E01-9A0D-115F32A9607D}.Debug|Any CPU.Build.0 = Debug|Any CPU
		{54D7D227-EEEF-4E01-9A0D-115F32A9607D}.Release|Any CPU.ActiveCfg = Release|Any CPU
		{54D7D227-EEEF-4E01-9A0D-115F32A9607D}.Release|Any CPU.Build.0 = Release|Any CPU
	EndGlobalSection
	GlobalSection(SolutionProperties) = preSolution
		HideSolutionNode = FALSE
	EndGlobalSection
EndGlobal
